
Microsoft Visual Studio Solution File, Format Version 12.00
# Visual Studio Version 16
VisualStudioVersion = 16.0.29306.81
MinimumVisualStudioVersion = 10.0.40219.1
Project("{9A19103F-16F7-4668-BE54-9A1E7A4F7556}") = "BattleShip.Console", "BattleShip.Console\BattleShip.Console.csproj", "{FD78C0F9-5270-4BAB-B385-0C7C3C98BFBF}"
EndProject
Project("{9A19103F-16F7-4668-BE54-9A1E7A4F7556}") = "BattleShip.Domain", "BattleShip.Domain\BattleShip.Domain.csproj", "{9199925B-29FB-4F4E-9AC5-F3F85C981EA8}"
EndProject
Project("{9A19103F-16F7-4668-BE54-9A1E7A4F7556}") = "BattleShip.Domain.Test", "BattleShip.Domain.Test\BattleShip.Domain.Test.csproj", "{29730CF6-F719-422E-A2EB-B72DB2D0DD42}"
EndProject
Project("{FAE04EC0-301F-11D3-BF4B-00C04F79EFBC}") = "BattleShip.Application", "BattleShip.Application\BattleShip.Application.csproj", "{2BD74795-A9F2-4C94-87A9-C2D93B597E0C}"
EndProject
Project("{2150E333-8FDC-42A3-9474-1A3956D46DE8}") = "Tests", "Tests", "{8B18A875-A038-4CFA-AF6E-F0BBF45C367D}"
EndProject
Project("{FAE04EC0-301F-11D3-BF4B-00C04F79EFBC}") = "BattleShip.Application.Test", "BattleShip.Application.Test\BattleShip.Application.Test.csproj", "{3D24F539-2AC7-4BEA-B3C4-5979A29E0C3F}"
EndProject
Global
	GlobalSection(SolutionConfigurationPlatforms) = preSolution
		Debug|Any CPU = Debug|Any CPU
		Release|Any CPU = Release|Any CPU
	EndGlobalSection
	GlobalSection(ProjectConfigurationPlatforms) = postSolution
		{FD78C0F9-5270-4BAB-B385-0C7C3C98BFBF}.Debug|Any CPU.ActiveCfg = Debug|Any CPU
		{FD78C0F9-5270-4BAB-B385-0C7C3C98BFBF}.Debug|Any CPU.Build.0 = Debug|Any CPU
		{FD78C0F9-5270-4BAB-B385-0C7C3C98BFBF}.Release|Any CPU.ActiveCfg = Release|Any CPU
		{FD78C0F9-5270-4BAB-B385-0C7C3C98BFBF}.Release|Any CPU.Build.0 = Release|Any CPU
		{9199925B-29FB-4F4E-9AC5-F3F85C981EA8}.Debug|Any CPU.ActiveCfg = Debug|Any CPU
		{9199925B-29FB-4F4E-9AC5-F3F85C981EA8}.Debug|Any CPU.Build.0 = Debug|Any CPU
		{9199925B-29FB-4F4E-9AC5-F3F85C981EA8}.Release|Any CPU.ActiveCfg = Release|Any CPU
		{9199925B-29FB-4F4E-9AC5-F3F85C981EA8}.Release|Any CPU.Build.0 = Release|Any CPU
		{29730CF6-F719-422E-A2EB-B72DB2D0DD42}.Debug|Any CPU.ActiveCfg = Debug|Any CPU
		{29730CF6-F719-422E-A2EB-B72DB2D0DD42}.Debug|Any CPU.Build.0 = Debug|Any CPU
		{29730CF6-F719-422E-A2EB-B72DB2D0DD42}.Release|Any CPU.ActiveCfg = Release|Any CPU
		{29730CF6-F719-422E-A2EB-B72DB2D0DD42}.Release|Any CPU.Build.0 = Release|Any CPU
		{2BD74795-A9F2-4C94-87A9-C2D93B597E0C}.Debug|Any CPU.ActiveCfg = Debug|Any CPU
		{2BD74795-A9F2-4C94-87A9-C2D93B597E0C}.Debug|Any CPU.Build.0 = Debug|Any CPU
		{2BD74795-A9F2-4C94-87A9-C2D93B597E0C}.Release|Any CPU.ActiveCfg = Release|Any CPU
		{2BD74795-A9F2-4C94-87A9-C2D93B597E0C}.Release|Any CPU.Build.0 = Release|Any CPU
		{3D24F539-2AC7-4BEA-B3C4-5979A29E0C3F}.Debug|Any CPU.ActiveCfg = Debug|Any CPU
		{3D24F539-2AC7-4BEA-B3C4-5979A29E0C3F}.Debug|Any CPU.Build.0 = Debug|Any CPU
		{3D24F539-2AC7-4BEA-B3C4-5979A29E0C3F}.Release|Any CPU.ActiveCfg = Release|Any CPU
		{3D24F539-2AC7-4BEA-B3C4-5979A29E0C3F}.Release|Any CPU.Build.0 = Release|Any CPU
	EndGlobalSection
	GlobalSection(SolutionProperties) = preSolution
		HideSolutionNode = FALSE
	EndGlobalSection
	GlobalSection(NestedProjects) = preSolution
		{29730CF6-F719-422E-A2EB-B72DB2D0DD42} = {8B18A875-A038-4CFA-AF6E-F0BBF45C367D}
		{3D24F539-2AC7-4BEA-B3C4-5979A29E0C3F} = {8B18A875-A038-4CFA-AF6E-F0BBF45C367D}
	EndGlobalSection
	GlobalSection(ExtensibilityGlobals) = postSolution
		SolutionGuid = {22082504-72A0-4930-99D7-C34DB414EEB0}
	EndGlobalSection
EndGlobal
