
Microsoft Visual Studio Solution File, Format Version 12.00
# Visual Studio Version 16
VisualStudioVersion = 16.0.29306.81
MinimumVisualStudioVersion = 10.0.40219.1
Project("{9A19103F-16F7-4668-BE54-9A1E7A4F7556}") = "BattleShip.Domain", "BattleShip.Domain\BattleShip.Domain.csproj", "{9199925B-29FB-4F4E-9AC5-F3F85C981EA8}"
EndProject
Project("{FAE04EC0-301F-11D3-BF4B-00C04F79EFBC}") = "BattleShip.Application", "BattleShip.Application\BattleShip.Application.csproj", "{2BD74795-A9F2-4C94-87A9-C2D93B597E0C}"
EndProject
Project("{2150E333-8FDC-42A3-9474-1A3956D46DE8}") = "Tests", "Tests", "{8B18A875-A038-4CFA-AF6E-F0BBF45C367D}"
EndProject
Project("{9A19103F-16F7-4668-BE54-9A1E7A4F7556}") = "BattleShip.Application.Test", "..\tests\BattleShip.Application.Test\BattleShip.Application.Test.csproj", "{FE159885-AA2C-44BD-AABE-4D77455B328E}"
EndProject
Project("{9A19103F-16F7-4668-BE54-9A1E7A4F7556}") = "BattleShip.Domain.Test", "..\tests\BattleShip.Domain.Test\BattleShip.Domain.Test.csproj", "{E442DC1B-2C6A-4D4E-BC03-59D1C8F50CE1}"
EndProject
Project("{FAE04EC0-301F-11D3-BF4B-00C04F79EFBC}") = "BattleShip", "BattleShip\BattleShip.csproj", "{3CFD47CB-DC01-44E5-9858-C5649085805C}"
EndProject
Global
	GlobalSection(SolutionConfigurationPlatforms) = preSolution
		Debug|Any CPU = Debug|Any CPU
		Release|Any CPU = Release|Any CPU
	EndGlobalSection
	GlobalSection(ProjectConfigurationPlatforms) = postSolution
		{9199925B-29FB-4F4E-9AC5-F3F85C981EA8}.Debug|Any CPU.ActiveCfg = Debug|Any CPU
		{9199925B-29FB-4F4E-9AC5-F3F85C981EA8}.Debug|Any CPU.Build.0 = Debug|Any CPU
		{9199925B-29FB-4F4E-9AC5-F3F85C981EA8}.Release|Any CPU.ActiveCfg = Release|Any CPU
		{9199925B-29FB-4F4E-9AC5-F3F85C981EA8}.Release|Any CPU.Build.0 = Release|Any CPU
		{2BD74795-A9F2-4C94-87A9-C2D93B597E0C}.Debug|Any CPU.ActiveCfg = Debug|Any CPU
		{2BD74795-A9F2-4C94-87A9-C2D93B597E0C}.Debug|Any CPU.Build.0 = Debug|Any CPU
		{2BD74795-A9F2-4C94-87A9-C2D93B597E0C}.Release|Any CPU.ActiveCfg = Release|Any CPU
		{2BD74795-A9F2-4C94-87A9-C2D93B597E0C}.Release|Any CPU.Build.0 = Release|Any CPU
		{FE159885-AA2C-44BD-AABE-4D77455B328E}.Debug|Any CPU.ActiveCfg = Debug|Any CPU
		{FE159885-AA2C-44BD-AABE-4D77455B328E}.Debug|Any CPU.Build.0 = Debug|Any CPU
		{FE159885-AA2C-44BD-AABE-4D77455B328E}.Release|Any CPU.ActiveCfg = Release|Any CPU
		{FE159885-AA2C-44BD-AABE-4D77455B328E}.Release|Any CPU.Build.0 = Release|Any CPU
		{E442DC1B-2C6A-4D4E-BC03-59D1C8F50CE1}.Debug|Any CPU.ActiveCfg = Debug|Any CPU
		{E442DC1B-2C6A-4D4E-BC03-59D1C8F50CE1}.Debug|Any CPU.Build.0 = Debug|Any CPU
		{E442DC1B-2C6A-4D4E-BC03-59D1C8F50CE1}.Release|Any CPU.ActiveCfg = Release|Any CPU
		{E442DC1B-2C6A-4D4E-BC03-59D1C8F50CE1}.Release|Any CPU.Build.0 = Release|Any CPU
		{3CFD47CB-DC01-44E5-9858-C5649085805C}.Debug|Any CPU.ActiveCfg = Debug|Any CPU
		{3CFD47CB-DC01-44E5-9858-C5649085805C}.Debug|Any CPU.Build.0 = Debug|Any CPU
		{3CFD47CB-DC01-44E5-9858-C5649085805C}.Release|Any CPU.ActiveCfg = Release|Any CPU
		{3CFD47CB-DC01-44E5-9858-C5649085805C}.Release|Any CPU.Build.0 = Release|Any CPU
	EndGlobalSection
	GlobalSection(SolutionProperties) = preSolution
		HideSolutionNode = FALSE
	EndGlobalSection
	GlobalSection(NestedProjects) = preSolution
		{FE159885-AA2C-44BD-AABE-4D77455B328E} = {8B18A875-A038-4CFA-AF6E-F0BBF45C367D}
		{E442DC1B-2C6A-4D4E-BC03-59D1C8F50CE1} = {8B18A875-A038-4CFA-AF6E-F0BBF45C367D}
	EndGlobalSection
	GlobalSection(ExtensibilityGlobals) = postSolution
		SolutionGuid = {22082504-72A0-4930-99D7-C34DB414EEB0}
	EndGlobalSection
EndGlobal
